
Microsoft Visual Studio Solution File, Format Version 12.00
# Visual Studio Version 17
VisualStudioVersion = 17.11.35219.272
MinimumVisualStudioVersion = 10.0.40219.1
Project("{FAE04EC0-301F-11D3-BF4B-00C04F79EFBC}") = "car dealership inventory management", "car dealership inventory management\car dealership inventory management.csproj", "{12692989-1D10-44AA-B6A5-589A5CF6FEBC}"
EndProject
Global
	GlobalSection(SolutionConfigurationPlatforms) = preSolution
		Debug|Any CPU = Debug|Any CPU
		Release|Any CPU = Release|Any CPU
	EndGlobalSection
	GlobalSection(ProjectConfigurationPlatforms) = postSolution
		{12692989-1D10-44AA-B6A5-589A5CF6FEBC}.Debug|Any CPU.ActiveCfg = Debug|Any CPU
		{12692989-1D10-44AA-B6A5-589A5CF6FEBC}.Debug|Any CPU.Build.0 = Debug|Any CPU
		{12692989-1D10-44AA-B6A5-589A5CF6FEBC}.Release|Any CPU.ActiveCfg = Release|Any CPU
		{12692989-1D10-44AA-B6A5-589A5CF6FEBC}.Release|Any CPU.Build.0 = Release|Any CPU
	EndGlobalSection
	GlobalSection(SolutionProperties) = preSolution
		HideSolutionNode = FALSE
	EndGlobalSection
	GlobalSection(ExtensibilityGlobals) = postSolution
		SolutionGuid = {858FF069-CE48-4ED7-86C8-164EFF97AB6F}
	EndGlobalSection
EndGlobal
